
Microsoft Visual Studio Solution File, Format Version 12.00
# Visual Studio Version 17
VisualStudioVersion = 17.3.32929.385
MinimumVisualStudioVersion = 10.0.40219.1
Project("{FAE04EC0-301F-11D3-BF4B-00C04F79EFBC}") = "CapstoneProject", "CapstoneProject\CapstoneProject.csproj", "{46FC5072-693B-49CD-9C0A-EA6208925604}"
EndProject
Global
	GlobalSection(SolutionConfigurationPlatforms) = preSolution
		Debug|Any CPU = Debug|Any CPU
		Release|Any CPU = Release|Any CPU
	EndGlobalSection
	GlobalSection(ProjectConfigurationPlatforms) = postSolution
		{46FC5072-693B-49CD-9C0A-EA6208925604}.Debug|Any CPU.ActiveCfg = Debug|Any CPU
		{46FC5072-693B-49CD-9C0A-EA6208925604}.Debug|Any CPU.Build.0 = Debug|Any CPU
		{46FC5072-693B-49CD-9C0A-EA6208925604}.Release|Any CPU.ActiveCfg = Release|Any CPU
		{46FC5072-693B-49CD-9C0A-EA6208925604}.Release|Any CPU.Build.0 = Release|Any CPU
	EndGlobalSection
	GlobalSection(SolutionProperties) = preSolution
		HideSolutionNode = FALSE
	EndGlobalSection
	GlobalSection(ExtensibilityGlobals) = postSolution
		SolutionGuid = {8AA0BA65-C564-4570-8B1A-C3919BCBE279}
	EndGlobalSection
EndGlobal
